
Microsoft Visual Studio Solution File, Format Version 11.00
# Visual Studio 2010
Project("{FAE04EC0-301F-11D3-BF4B-00C04F79EFBC}") = "SimpleNancyExample", "SimpleNancyExample.csproj", "{CEF04B13-8DBB-4DA2-928C-77B8EA5BBE1C}"
EndProject
Global
	GlobalSection(SolutionConfigurationPlatforms) = preSolution
		Debug|x86 = Debug|x86
		Release|x86 = Release|x86
	EndGlobalSection
	GlobalSection(ProjectConfigurationPlatforms) = postSolution
		{CEF04B13-8DBB-4DA2-928C-77B8EA5BBE1C}.Debug|x86.ActiveCfg = Debug|x86
		{CEF04B13-8DBB-4DA2-928C-77B8EA5BBE1C}.Debug|x86.Build.0 = Debug|x86
		{CEF04B13-8DBB-4DA2-928C-77B8EA5BBE1C}.Release|x86.ActiveCfg = Release|x86
		{CEF04B13-8DBB-4DA2-928C-77B8EA5BBE1C}.Release|x86.Build.0 = Release|x86
	EndGlobalSection
	GlobalSection(MonoDevelopProperties) = preSolution
		StartupItem = SimpleNancyExample.csproj
	EndGlobalSection
EndGlobal
